
Microsoft Visual Studio Solution File, Format Version 12.00
# Visual Studio Version 17
VisualStudioVersion = 17.8.34511.84
MinimumVisualStudioVersion = 10.0.40219.1
Project("{9A19103F-16F7-4668-BE54-9A1E7A4F7556}") = "Assignment1", "Assignment1\Assignment1.csproj", "{F1CF4F68-F28A-468F-A3BB-99DDD1637FF2}"
EndProject
Global
	GlobalSection(SolutionConfigurationPlatforms) = preSolution
		Debug|Any CPU = Debug|Any CPU
		Release|Any CPU = Release|Any CPU
	EndGlobalSection
	GlobalSection(ProjectConfigurationPlatforms) = postSolution
		{F1CF4F68-F28A-468F-A3BB-99DDD1637FF2}.Debug|Any CPU.ActiveCfg = Debug|Any CPU
		{F1CF4F68-F28A-468F-A3BB-99DDD1637FF2}.Debug|Any CPU.Build.0 = Debug|Any CPU
		{F1CF4F68-F28A-468F-A3BB-99DDD1637FF2}.Release|Any CPU.ActiveCfg = Release|Any CPU
		{F1CF4F68-F28A-468F-A3BB-99DDD1637FF2}.Release|Any CPU.Build.0 = Release|Any CPU
	EndGlobalSection
	GlobalSection(SolutionProperties) = preSolution
		HideSolutionNode = FALSE
	EndGlobalSection
	GlobalSection(ExtensibilityGlobals) = postSolution
		SolutionGuid = {637CD3B0-270A-4E7A-B705-66E5AEDC2D85}
	EndGlobalSection
EndGlobal
